
Microsoft Visual Studio Solution File, Format Version 12.00
# Visual Studio Version 17
VisualStudioVersion = 17.4.32804.182
MinimumVisualStudioVersion = 10.0.40219.1
Project("{8BC9CEB8-8B4A-11D0-8D11-00A0C91BC942}") = "Program", "Program\Program.vcxproj", "{7B59313B-873E-461C-AB3C-E2ECFAEEAB50}"
EndProject
Project("{8BC9CEB8-8B4A-11D0-8D11-00A0C91BC942}") = "class1th (GetAsynckeyState)", "class1th (GetAsynckeyStete)\class1th (GetAsynckeyStete).vcxproj", "{3100F7C5-DD7A-4BDF-97C5-CA3632E388D6}"
EndProject
Project("{8BC9CEB8-8B4A-11D0-8D11-00A0C91BC942}") = "class2th (Double buffering)", "class2th (Double buffering)\class2th (Double buffering).vcxproj", "{811D3644-EA78-435C-AE22-2E66B757A882}"
EndProject
Project("{8BC9CEB8-8B4A-11D0-8D11-00A0C91BC942}") = "class3th (maze Game)", "class3th (maze Game)\class3th (maze Game).vcxproj", "{726ABFD6-FAC1-4FE2-866E-99408C945673}"
EndProject
Global
	GlobalSection(SolutionConfigurationPlatforms) = preSolution
		Debug|x64 = Debug|x64
		Debug|x86 = Debug|x86
		Release|x64 = Release|x64
		Release|x86 = Release|x86
	EndGlobalSection
	GlobalSection(ProjectConfigurationPlatforms) = postSolution
		{7B59313B-873E-461C-AB3C-E2ECFAEEAB50}.Debug|x64.ActiveCfg = Debug|x64
		{7B59313B-873E-461C-AB3C-E2ECFAEEAB50}.Debug|x64.Build.0 = Debug|x64
		{7B59313B-873E-461C-AB3C-E2ECFAEEAB50}.Debug|x86.ActiveCfg = Debug|Win32
		{7B59313B-873E-461C-AB3C-E2ECFAEEAB50}.Debug|x86.Build.0 = Debug|Win32
		{7B59313B-873E-461C-AB3C-E2ECFAEEAB50}.Release|x64.ActiveCfg = Release|x64
		{7B59313B-873E-461C-AB3C-E2ECFAEEAB50}.Release|x64.Build.0 = Release|x64
		{7B59313B-873E-461C-AB3C-E2ECFAEEAB50}.Release|x86.ActiveCfg = Release|Win32
		{7B59313B-873E-461C-AB3C-E2ECFAEEAB50}.Release|x86.Build.0 = Release|Win32
		{3100F7C5-DD7A-4BDF-97C5-CA3632E388D6}.Debug|x64.ActiveCfg = Debug|x64
		{3100F7C5-DD7A-4BDF-97C5-CA3632E388D6}.Debug|x64.Build.0 = Debug|x64
		{3100F7C5-DD7A-4BDF-97C5-CA3632E388D6}.Debug|x86.ActiveCfg = Debug|Win32
		{3100F7C5-DD7A-4BDF-97C5-CA3632E388D6}.Debug|x86.Build.0 = Debug|Win32
		{3100F7C5-DD7A-4BDF-97C5-CA3632E388D6}.Release|x64.ActiveCfg = Release|x64
		{3100F7C5-DD7A-4BDF-97C5-CA3632E388D6}.Release|x64.Build.0 = Release|x64
		{3100F7C5-DD7A-4BDF-97C5-CA3632E388D6}.Release|x86.ActiveCfg = Release|Win32
		{3100F7C5-DD7A-4BDF-97C5-CA3632E388D6}.Release|x86.Build.0 = Release|Win32
		{811D3644-EA78-435C-AE22-2E66B757A882}.Debug|x64.ActiveCfg = Debug|x64
		{811D3644-EA78-435C-AE22-2E66B757A882}.Debug|x64.Build.0 = Debug|x64
		{811D3644-EA78-435C-AE22-2E66B757A882}.Debug|x86.ActiveCfg = Debug|Win32
		{811D3644-EA78-435C-AE22-2E66B757A882}.Debug|x86.Build.0 = Debug|Win32
		{811D3644-EA78-435C-AE22-2E66B757A882}.Release|x64.ActiveCfg = Release|x64
		{811D3644-EA78-435C-AE22-2E66B757A882}.Release|x64.Build.0 = Release|x64
		{811D3644-EA78-435C-AE22-2E66B757A882}.Release|x86.ActiveCfg = Release|Win32
		{811D3644-EA78-435C-AE22-2E66B757A882}.Release|x86.Build.0 = Release|Win32
		{726ABFD6-FAC1-4FE2-866E-99408C945673}.Debug|x64.ActiveCfg = Debug|x64
		{726ABFD6-FAC1-4FE2-866E-99408C945673}.Debug|x64.Build.0 = Debug|x64
		{726ABFD6-FAC1-4FE2-866E-99408C945673}.Debug|x86.ActiveCfg = Debug|Win32
		{726ABFD6-FAC1-4FE2-866E-99408C945673}.Debug|x86.Build.0 = Debug|Win32
		{726ABFD6-FAC1-4FE2-866E-99408C945673}.Release|x64.ActiveCfg = Release|x64
		{726ABFD6-FAC1-4FE2-866E-99408C945673}.Release|x64.Build.0 = Release|x64
		{726ABFD6-FAC1-4FE2-866E-99408C945673}.Release|x86.ActiveCfg = Release|Win32
		{726ABFD6-FAC1-4FE2-866E-99408C945673}.Release|x86.Build.0 = Release|Win32
	EndGlobalSection
	GlobalSection(SolutionProperties) = preSolution
		HideSolutionNode = FALSE
	EndGlobalSection
	GlobalSection(ExtensibilityGlobals) = postSolution
		SolutionGuid = {07741A1C-C9EB-4A34-8AF0-69C7FB41E192}
	EndGlobalSection
EndGlobal
